
Microsoft Visual Studio Solution File, Format Version 12.00
# Visual Studio Version 16
VisualStudioVersion = 16.0.31019.35
MinimumVisualStudioVersion = 10.0.40219.1
Project("{FAE04EC0-301F-11D3-BF4B-00C04F79EFBC}") = "NoteAppUI", "NoteAppUI\NoteAppUI.csproj", "{B62A85ED-8269-4219-9554-1CA9A1173B47}"
EndProject
Global
	GlobalSection(SolutionConfigurationPlatforms) = preSolution
		Debug|Any CPU = Debug|Any CPU
		Release|Any CPU = Release|Any CPU
	EndGlobalSection
	GlobalSection(ProjectConfigurationPlatforms) = postSolution
		{B62A85ED-8269-4219-9554-1CA9A1173B47}.Debug|Any CPU.ActiveCfg = Debug|Any CPU
		{B62A85ED-8269-4219-9554-1CA9A1173B47}.Debug|Any CPU.Build.0 = Debug|Any CPU
		{B62A85ED-8269-4219-9554-1CA9A1173B47}.Release|Any CPU.ActiveCfg = Release|Any CPU
		{B62A85ED-8269-4219-9554-1CA9A1173B47}.Release|Any CPU.Build.0 = Release|Any CPU
	EndGlobalSection
	GlobalSection(SolutionProperties) = preSolution
		HideSolutionNode = FALSE
	EndGlobalSection
	GlobalSection(ExtensibilityGlobals) = postSolution
		SolutionGuid = {3EC17847-73E3-4554-B2B4-5460A95AA302}
	EndGlobalSection
EndGlobal
